<Solution>
  <Project Path="mini project/mini project.csproj" Id="9c1f1819-0104-4bd0-9a4c-3aa6f1887cf9" />
  <Project Path="OOP Part 1/OOP Part 1.csproj" Id="960ba28a-cc7d-4ce8-956c-94842445c032" />
  <Project Path="Task 2/Task 2.csproj" />
  <Project Path="Task 4/Task 4.csproj" />
  <Project Path="Task-3/Task-3.csproj" />
  <Project Path="Task-5/Task-5.csproj" Id="1ed8e0f6-0111-4eac-b22f-83e1de3cae0e" />
</Solution>
